
Microsoft Visual Studio Solution File, Format Version 12.00
# Visual Studio Version 16
VisualStudioVersion = 16.0.31702.278
MinimumVisualStudioVersion = 10.0.40219.1
Project("{FAE04EC0-301F-11D3-BF4B-00C04F79EFBC}") = "nesneodev", "nesneodev\nesneodev.csproj", "{F677734E-A487-4FD6-89D5-CB56260FAEFC}"
EndProject
Global
	GlobalSection(SolutionConfigurationPlatforms) = preSolution
		Debug|Any CPU = Debug|Any CPU
		Release|Any CPU = Release|Any CPU
	EndGlobalSection
	GlobalSection(ProjectConfigurationPlatforms) = postSolution
		{F677734E-A487-4FD6-89D5-CB56260FAEFC}.Debug|Any CPU.ActiveCfg = Debug|Any CPU
		{F677734E-A487-4FD6-89D5-CB56260FAEFC}.Debug|Any CPU.Build.0 = Debug|Any CPU
		{F677734E-A487-4FD6-89D5-CB56260FAEFC}.Release|Any CPU.ActiveCfg = Release|Any CPU
		{F677734E-A487-4FD6-89D5-CB56260FAEFC}.Release|Any CPU.Build.0 = Release|Any CPU
	EndGlobalSection
	GlobalSection(SolutionProperties) = preSolution
		HideSolutionNode = FALSE
	EndGlobalSection
	GlobalSection(ExtensibilityGlobals) = postSolution
		SolutionGuid = {B8B0BF70-5981-407E-9DD4-AA325D7551C4}
	EndGlobalSection
EndGlobal
